
Microsoft Visual Studio Solution File, Format Version 12.00
# Visual Studio 15
Project("{FAE04EC0-301F-11D3-BF4B-00C04F79EFBC}") = "2_Variables", "2_Variables\2_Variables.csproj", "{CEAF10EE-32BD-42A3-BB28-6EAA3F421275}"
EndProject
Project("{FAE04EC0-301F-11D3-BF4B-00C04F79EFBC}") = "3_Data_Types_and_Variables", "3_Data_Types_and_Variables\3_Data_Types_and_Variables.csproj", "{9BDE63F9-C3A5-4FB5-AD89-8F10FD15F291}"
EndProject
Project("{FAE04EC0-301F-11D3-BF4B-00C04F79EFBC}") = "1_HelloWorld", "1_HelloWorld\1_HelloWorld.csproj", "{E5FC5948-238C-4641-9D1F-C10B39036DC1}"
EndProject
Project("{FAE04EC0-301F-11D3-BF4B-00C04F79EFBC}") = "4_If_Decision_Statement", "4_If_Decision_Statement\4_If_Decision_Statement.csproj", "{A2935896-A916-46A6-B3AF-293C2DD61554}"
EndProject
Project("{FAE04EC0-301F-11D3-BF4B-00C04F79EFBC}") = "5_Operators_Expressions_and_Statements", "5_Operators_Expressions_and_Statements\5_Operators_Expressions_and_Statements.csproj", "{9EABF1CF-4B82-4ADD-A559-3B86092DE373}"
EndProject
Project("{FAE04EC0-301F-11D3-BF4B-00C04F79EFBC}") = "6_For_Iteration_Statement", "6_For_Iteration_Statement\6_For_Iteration_Statement.csproj", "{276A4406-D05C-4923-B252-121DD04E2FB7}"
EndProject
Project("{FAE04EC0-301F-11D3-BF4B-00C04F79EFBC}") = "7_Understanding_Arrays", "7_Understanding_Arrays\7_Understanding_Arrays.csproj", "{69215DD7-F056-482E-B64A-17E3A49CC3B6}"
EndProject
Project("{FAE04EC0-301F-11D3-BF4B-00C04F79EFBC}") = "8_Defining_and_Calling_Methods", "8_Defining_and_Calling_Methods\8_Defining_and_Calling_Methods.csproj", "{000C1429-1A8A-4E5A-B88D-561F25CF31AF}"
EndProject
Project("{FAE04EC0-301F-11D3-BF4B-00C04F79EFBC}") = "9_While_Iteration_Statement", "9_While_Iteration_Statement\9_While_Iteration_Statement.csproj", "{87290FE7-8CC2-46A9-8351-913AE321348A}"
EndProject
Project("{FAE04EC0-301F-11D3-BF4B-00C04F79EFBC}") = "10_Working_with_Strings", "10_Working_with_Strings\10_Working_with_Strings.csproj", "{F7B3ADE0-77D4-4CFE-8681-9CA31F3EB7A4}"
EndProject
Project("{FAE04EC0-301F-11D3-BF4B-00C04F79EFBC}") = "11_Working_with_Dates_and_Times", "11_Working_with_Dates_and_Times\11_Working_with_Dates_and_Times.csproj", "{4970332D-5D94-41F1-860E-CF4924809F4C}"
EndProject
Project("{FAE04EC0-301F-11D3-BF4B-00C04F79EFBC}") = "12_Understanding_Classes", "12_Understanding_Classes\12_Understanding_Classes.csproj", "{1A9E3B58-B85E-48C7-9304-A6C625A31EEF}"
EndProject
Project("{FAE04EC0-301F-11D3-BF4B-00C04F79EFBC}") = "13_More_About_Classes_and_Methods", "13_More_About_Classes_and_Methods\13_More_About_Classes_and_Methods.csproj", "{8A294C15-821E-4789-A38E-6E181A3034CD}"
EndProject
Project("{FAE04EC0-301F-11D3-BF4B-00C04F79EFBC}") = "14_Understanding_Scope_and_Accessibility_Modifiers", "14_Understanding_Scope_and_Accessibility_Modifiers\14_Understanding_Scope_and_Accessibility_Modifiers.csproj", "{3073D877-B077-41B2-9A27-168DD07CDEBB}"
EndProject
Project("{FAE04EC0-301F-11D3-BF4B-00C04F79EFBC}") = "15_Understanding_Namespace_and_Working_with_the_.Net_Class_Library", "15_Understanding_Namespace_and_Working_with_the_.Net_Class_Library\15_Understanding_Namespace_and_Working_with_the_.Net_Class_Library.csproj", "{F4D766CE-635D-4AB0-87BE-10F58AD69F5D}"
EndProject
Project("{FAE04EC0-301F-11D3-BF4B-00C04F79EFBC}") = "16_Creating_and_Adding_References_to_Assemblies", "16_Creating_and_Adding_References_to_Assemblies\16_Creating_and_Adding_References_to_Assemblies.csproj", "{3EB3B670-CADE-4B95-84EA-216E3478F7A4}"
EndProject
Project("{FAE04EC0-301F-11D3-BF4B-00C04F79EFBC}") = "17_Working_with_Collections", "17_Working_with_Collections\17_Working_with_Collections.csproj", "{D823D476-FF92-406B-B6D1-033A7C2B47A6}"
EndProject
Project("{FAE04EC0-301F-11D3-BF4B-00C04F79EFBC}") = "18_Working_with_LINQ", "18_Working_with_LINQ\18_Working_with_LINQ.csproj", "{A5077C8B-5F5E-455D-945D-5AA79C0458F4}"
EndProject
Project("{FAE04EC0-301F-11D3-BF4B-00C04F79EFBC}") = "19_Enumerations_and_the_Switch_Decision_Statement", "19_Enumerations_and_the_Switch_Decision_Statement\19_Enumerations_and_the_Switch_Decision_Statement.csproj", "{B8C1519E-CA8D-48E5-95FF-FA8E62D3C729}"
EndProject
Project("{FAE04EC0-301F-11D3-BF4B-00C04F79EFBC}") = "20_Gracefully_Handling_Exceptions", "20_Gracefully_Handling_Exceptions\20_Gracefully_Handling_Exceptions.csproj", "{C0175FF5-52E9-432B-845D-F262443A0C42}"
EndProject
Project("{FAE04EC0-301F-11D3-BF4B-00C04F79EFBC}") = "21_Understanding_Events_and_Event-Driven_Programming", "21_Understanding_Events_and_Event-Driven_Programming\21_Understanding_Events_and_Event-Driven_Programming.csproj", "{E5873E0F-0A00-4CB5-A05C-B76EC38B6BC1}"
EndProject
Global
	GlobalSection(SolutionConfigurationPlatforms) = preSolution
		Debug|Any CPU = Debug|Any CPU
		Release|Any CPU = Release|Any CPU
	EndGlobalSection
	GlobalSection(ProjectConfigurationPlatforms) = postSolution
		{CEAF10EE-32BD-42A3-BB28-6EAA3F421275}.Debug|Any CPU.ActiveCfg = Debug|Any CPU
		{CEAF10EE-32BD-42A3-BB28-6EAA3F421275}.Debug|Any CPU.Build.0 = Debug|Any CPU
		{CEAF10EE-32BD-42A3-BB28-6EAA3F421275}.Release|Any CPU.ActiveCfg = Release|Any CPU
		{CEAF10EE-32BD-42A3-BB28-6EAA3F421275}.Release|Any CPU.Build.0 = Release|Any CPU
		{9BDE63F9-C3A5-4FB5-AD89-8F10FD15F291}.Debug|Any CPU.ActiveCfg = Debug|Any CPU
		{9BDE63F9-C3A5-4FB5-AD89-8F10FD15F291}.Debug|Any CPU.Build.0 = Debug|Any CPU
		{9BDE63F9-C3A5-4FB5-AD89-8F10FD15F291}.Release|Any CPU.ActiveCfg = Release|Any CPU
		{9BDE63F9-C3A5-4FB5-AD89-8F10FD15F291}.Release|Any CPU.Build.0 = Release|Any CPU
		{E5FC5948-238C-4641-9D1F-C10B39036DC1}.Debug|Any CPU.ActiveCfg = Debug|Any CPU
		{E5FC5948-238C-4641-9D1F-C10B39036DC1}.Debug|Any CPU.Build.0 = Debug|Any CPU
		{E5FC5948-238C-4641-9D1F-C10B39036DC1}.Release|Any CPU.ActiveCfg = Release|Any CPU
		{E5FC5948-238C-4641-9D1F-C10B39036DC1}.Release|Any CPU.Build.0 = Release|Any CPU
		{A2935896-A916-46A6-B3AF-293C2DD61554}.Debug|Any CPU.ActiveCfg = Debug|Any CPU
		{A2935896-A916-46A6-B3AF-293C2DD61554}.Debug|Any CPU.Build.0 = Debug|Any CPU
		{A2935896-A916-46A6-B3AF-293C2DD61554}.Release|Any CPU.ActiveCfg = Release|Any CPU
		{A2935896-A916-46A6-B3AF-293C2DD61554}.Release|Any CPU.Build.0 = Release|Any CPU
		{9EABF1CF-4B82-4ADD-A559-3B86092DE373}.Debug|Any CPU.ActiveCfg = Debug|Any CPU
		{9EABF1CF-4B82-4ADD-A559-3B86092DE373}.Debug|Any CPU.Build.0 = Debug|Any CPU
		{9EABF1CF-4B82-4ADD-A559-3B86092DE373}.Release|Any CPU.ActiveCfg = Release|Any CPU
		{9EABF1CF-4B82-4ADD-A559-3B86092DE373}.Release|Any CPU.Build.0 = Release|Any CPU
		{276A4406-D05C-4923-B252-121DD04E2FB7}.Debug|Any CPU.ActiveCfg = Debug|Any CPU
		{276A4406-D05C-4923-B252-121DD04E2FB7}.Debug|Any CPU.Build.0 = Debug|Any CPU
		{276A4406-D05C-4923-B252-121DD04E2FB7}.Release|Any CPU.ActiveCfg = Release|Any CPU
		{276A4406-D05C-4923-B252-121DD04E2FB7}.Release|Any CPU.Build.0 = Release|Any CPU
		{69215DD7-F056-482E-B64A-17E3A49CC3B6}.Debug|Any CPU.ActiveCfg = Debug|Any CPU
		{69215DD7-F056-482E-B64A-17E3A49CC3B6}.Debug|Any CPU.Build.0 = Debug|Any CPU
		{69215DD7-F056-482E-B64A-17E3A49CC3B6}.Release|Any CPU.ActiveCfg = Release|Any CPU
		{69215DD7-F056-482E-B64A-17E3A49CC3B6}.Release|Any CPU.Build.0 = Release|Any CPU
		{000C1429-1A8A-4E5A-B88D-561F25CF31AF}.Debug|Any CPU.ActiveCfg = Debug|Any CPU
		{000C1429-1A8A-4E5A-B88D-561F25CF31AF}.Debug|Any CPU.Build.0 = Debug|Any CPU
		{000C1429-1A8A-4E5A-B88D-561F25CF31AF}.Release|Any CPU.ActiveCfg = Release|Any CPU
		{000C1429-1A8A-4E5A-B88D-561F25CF31AF}.Release|Any CPU.Build.0 = Release|Any CPU
		{87290FE7-8CC2-46A9-8351-913AE321348A}.Debug|Any CPU.ActiveCfg = Debug|Any CPU
		{87290FE7-8CC2-46A9-8351-913AE321348A}.Debug|Any CPU.Build.0 = Debug|Any CPU
		{87290FE7-8CC2-46A9-8351-913AE321348A}.Release|Any CPU.ActiveCfg = Release|Any CPU
		{87290FE7-8CC2-46A9-8351-913AE321348A}.Release|Any CPU.Build.0 = Release|Any CPU
		{F7B3ADE0-77D4-4CFE-8681-9CA31F3EB7A4}.Debug|Any CPU.ActiveCfg = Debug|Any CPU
		{F7B3ADE0-77D4-4CFE-8681-9CA31F3EB7A4}.Debug|Any CPU.Build.0 = Debug|Any CPU
		{F7B3ADE0-77D4-4CFE-8681-9CA31F3EB7A4}.Release|Any CPU.ActiveCfg = Release|Any CPU
		{F7B3ADE0-77D4-4CFE-8681-9CA31F3EB7A4}.Release|Any CPU.Build.0 = Release|Any CPU
		{4970332D-5D94-41F1-860E-CF4924809F4C}.Debug|Any CPU.ActiveCfg = Debug|Any CPU
		{4970332D-5D94-41F1-860E-CF4924809F4C}.Debug|Any CPU.Build.0 = Debug|Any CPU
		{4970332D-5D94-41F1-860E-CF4924809F4C}.Release|Any CPU.ActiveCfg = Release|Any CPU
		{4970332D-5D94-41F1-860E-CF4924809F4C}.Release|Any CPU.Build.0 = Release|Any CPU
		{1A9E3B58-B85E-48C7-9304-A6C625A31EEF}.Debug|Any CPU.ActiveCfg = Debug|Any CPU
		{1A9E3B58-B85E-48C7-9304-A6C625A31EEF}.Debug|Any CPU.Build.0 = Debug|Any CPU
		{1A9E3B58-B85E-48C7-9304-A6C625A31EEF}.Release|Any CPU.ActiveCfg = Release|Any CPU
		{1A9E3B58-B85E-48C7-9304-A6C625A31EEF}.Release|Any CPU.Build.0 = Release|Any CPU
		{8A294C15-821E-4789-A38E-6E181A3034CD}.Debug|Any CPU.ActiveCfg = Debug|Any CPU
		{8A294C15-821E-4789-A38E-6E181A3034CD}.Debug|Any CPU.Build.0 = Debug|Any CPU
		{8A294C15-821E-4789-A38E-6E181A3034CD}.Release|Any CPU.ActiveCfg = Release|Any CPU
		{8A294C15-821E-4789-A38E-6E181A3034CD}.Release|Any CPU.Build.0 = Release|Any CPU
		{3073D877-B077-41B2-9A27-168DD07CDEBB}.Debug|Any CPU.ActiveCfg = Debug|Any CPU
		{3073D877-B077-41B2-9A27-168DD07CDEBB}.Debug|Any CPU.Build.0 = Debug|Any CPU
		{3073D877-B077-41B2-9A27-168DD07CDEBB}.Release|Any CPU.ActiveCfg = Release|Any CPU
		{3073D877-B077-41B2-9A27-168DD07CDEBB}.Release|Any CPU.Build.0 = Release|Any CPU
		{F4D766CE-635D-4AB0-87BE-10F58AD69F5D}.Debug|Any CPU.ActiveCfg = Debug|Any CPU
		{F4D766CE-635D-4AB0-87BE-10F58AD69F5D}.Debug|Any CPU.Build.0 = Debug|Any CPU
		{F4D766CE-635D-4AB0-87BE-10F58AD69F5D}.Release|Any CPU.ActiveCfg = Release|Any CPU
		{F4D766CE-635D-4AB0-87BE-10F58AD69F5D}.Release|Any CPU.Build.0 = Release|Any CPU
		{3EB3B670-CADE-4B95-84EA-216E3478F7A4}.Debug|Any CPU.ActiveCfg = Debug|Any CPU
		{3EB3B670-CADE-4B95-84EA-216E3478F7A4}.Debug|Any CPU.Build.0 = Debug|Any CPU
		{3EB3B670-CADE-4B95-84EA-216E3478F7A4}.Release|Any CPU.ActiveCfg = Release|Any CPU
		{3EB3B670-CADE-4B95-84EA-216E3478F7A4}.Release|Any CPU.Build.0 = Release|Any CPU
		{D823D476-FF92-406B-B6D1-033A7C2B47A6}.Debug|Any CPU.ActiveCfg = Debug|Any CPU
		{D823D476-FF92-406B-B6D1-033A7C2B47A6}.Debug|Any CPU.Build.0 = Debug|Any CPU
		{D823D476-FF92-406B-B6D1-033A7C2B47A6}.Release|Any CPU.ActiveCfg = Release|Any CPU
		{D823D476-FF92-406B-B6D1-033A7C2B47A6}.Release|Any CPU.Build.0 = Release|Any CPU
		{A5077C8B-5F5E-455D-945D-5AA79C0458F4}.Debug|Any CPU.ActiveCfg = Debug|Any CPU
		{A5077C8B-5F5E-455D-945D-5AA79C0458F4}.Debug|Any CPU.Build.0 = Debug|Any CPU
		{A5077C8B-5F5E-455D-945D-5AA79C0458F4}.Release|Any CPU.ActiveCfg = Release|Any CPU
		{A5077C8B-5F5E-455D-945D-5AA79C0458F4}.Release|Any CPU.Build.0 = Release|Any CPU
		{B8C1519E-CA8D-48E5-95FF-FA8E62D3C729}.Debug|Any CPU.ActiveCfg = Debug|Any CPU
		{B8C1519E-CA8D-48E5-95FF-FA8E62D3C729}.Debug|Any CPU.Build.0 = Debug|Any CPU
		{B8C1519E-CA8D-48E5-95FF-FA8E62D3C729}.Release|Any CPU.ActiveCfg = Release|Any CPU
		{B8C1519E-CA8D-48E5-95FF-FA8E62D3C729}.Release|Any CPU.Build.0 = Release|Any CPU
		{C0175FF5-52E9-432B-845D-F262443A0C42}.Debug|Any CPU.ActiveCfg = Debug|Any CPU
		{C0175FF5-52E9-432B-845D-F262443A0C42}.Debug|Any CPU.Build.0 = Debug|Any CPU
		{C0175FF5-52E9-432B-845D-F262443A0C42}.Release|Any CPU.ActiveCfg = Release|Any CPU
		{C0175FF5-52E9-432B-845D-F262443A0C42}.Release|Any CPU.Build.0 = Release|Any CPU
		{E5873E0F-0A00-4CB5-A05C-B76EC38B6BC1}.Debug|Any CPU.ActiveCfg = Debug|Any CPU
		{E5873E0F-0A00-4CB5-A05C-B76EC38B6BC1}.Debug|Any CPU.Build.0 = Debug|Any CPU
		{E5873E0F-0A00-4CB5-A05C-B76EC38B6BC1}.Release|Any CPU.ActiveCfg = Release|Any CPU
		{E5873E0F-0A00-4CB5-A05C-B76EC38B6BC1}.Release|Any CPU.Build.0 = Release|Any CPU
	EndGlobalSection
EndGlobal
